
Microsoft Visual Studio Solution File, Format Version 12.00
# Visual Studio 2013
VisualStudioVersion = 12.0.21005.1
MinimumVisualStudioVersion = 10.0.40219.1
Project("{FAE04EC0-301F-11D3-BF4B-00C04F79EFBC}") = "Pool Optimizer", "Pool Optimizer\Pool Optimizer.csproj", "{D5532625-1CE0-4BA0-BD3A-4AF87158C104}"
EndProject
Global
	GlobalSection(SubversionScc) = preSolution
		Svn-Managed = True
		Manager = AnkhSVN - Subversion Support for Visual Studio
	EndGlobalSection
	GlobalSection(SolutionConfigurationPlatforms) = preSolution
		Debug|Any CPU = Debug|Any CPU
		Release|Any CPU = Release|Any CPU
	EndGlobalSection
	GlobalSection(ProjectConfigurationPlatforms) = postSolution
		{D5532625-1CE0-4BA0-BD3A-4AF87158C104}.Debug|Any CPU.ActiveCfg = Debug|Any CPU
		{D5532625-1CE0-4BA0-BD3A-4AF87158C104}.Debug|Any CPU.Build.0 = Debug|Any CPU
		{D5532625-1CE0-4BA0-BD3A-4AF87158C104}.Release|Any CPU.ActiveCfg = Release|Any CPU
		{D5532625-1CE0-4BA0-BD3A-4AF87158C104}.Release|Any CPU.Build.0 = Release|Any CPU
	EndGlobalSection
	GlobalSection(SolutionProperties) = preSolution
		HideSolutionNode = FALSE
	EndGlobalSection
EndGlobal
